
Microsoft Visual Studio Solution File, Format Version 12.00
# Visual Studio 2013
VisualStudioVersion = 12.0.31101.0
MinimumVisualStudioVersion = 10.0.40219.1
Project("{FAE04EC0-301F-11D3-BF4B-00C04F79EFBC}") = "ChuckNorrisiPhone", "ChuckNorrisiPhone\ChuckNorrisiPhone.csproj", "{1371410A-392C-4EC7-B15B-F6D5AE553473}"
EndProject
Project("{FAE04EC0-301F-11D3-BF4B-00C04F79EFBC}") = "ChuckNorris.Portable", "..\..\ChuckNorrisQuotes\ChuckNorris\ChuckNorris.Portable.csproj", "{E8BCD2BF-7544-4265-A171-CAA6FF4DE684}"
EndProject
Global
	GlobalSection(SolutionConfigurationPlatforms) = preSolution
		Ad-Hoc|Any CPU = Ad-Hoc|Any CPU
		Ad-Hoc|iPhone = Ad-Hoc|iPhone
		Ad-Hoc|iPhoneSimulator = Ad-Hoc|iPhoneSimulator
		Ad-Hoc|Mixed Platforms = Ad-Hoc|Mixed Platforms
		AppStore|Any CPU = AppStore|Any CPU
		AppStore|iPhone = AppStore|iPhone
		AppStore|iPhoneSimulator = AppStore|iPhoneSimulator
		AppStore|Mixed Platforms = AppStore|Mixed Platforms
		Debug|Any CPU = Debug|Any CPU
		Debug|iPhone = Debug|iPhone
		Debug|iPhoneSimulator = Debug|iPhoneSimulator
		Debug|Mixed Platforms = Debug|Mixed Platforms
		Release|Any CPU = Release|Any CPU
		Release|iPhone = Release|iPhone
		Release|iPhoneSimulator = Release|iPhoneSimulator
		Release|Mixed Platforms = Release|Mixed Platforms
	EndGlobalSection
	GlobalSection(ProjectConfigurationPlatforms) = postSolution
		{1371410A-392C-4EC7-B15B-F6D5AE553473}.Ad-Hoc|Any CPU.ActiveCfg = Ad-Hoc|iPhoneSimulator
		{1371410A-392C-4EC7-B15B-F6D5AE553473}.Ad-Hoc|iPhone.ActiveCfg = Ad-Hoc|iPhone
		{1371410A-392C-4EC7-B15B-F6D5AE553473}.Ad-Hoc|iPhone.Build.0 = Ad-Hoc|iPhone
		{1371410A-392C-4EC7-B15B-F6D5AE553473}.Ad-Hoc|iPhoneSimulator.ActiveCfg = Ad-Hoc|iPhoneSimulator
		{1371410A-392C-4EC7-B15B-F6D5AE553473}.Ad-Hoc|iPhoneSimulator.Build.0 = Ad-Hoc|iPhoneSimulator
		{1371410A-392C-4EC7-B15B-F6D5AE553473}.Ad-Hoc|Mixed Platforms.ActiveCfg = Ad-Hoc|iPhoneSimulator
		{1371410A-392C-4EC7-B15B-F6D5AE553473}.Ad-Hoc|Mixed Platforms.Build.0 = Ad-Hoc|iPhoneSimulator
		{1371410A-392C-4EC7-B15B-F6D5AE553473}.AppStore|Any CPU.ActiveCfg = AppStore|iPhoneSimulator
		{1371410A-392C-4EC7-B15B-F6D5AE553473}.AppStore|iPhone.ActiveCfg = AppStore|iPhone
		{1371410A-392C-4EC7-B15B-F6D5AE553473}.AppStore|iPhone.Build.0 = AppStore|iPhone
		{1371410A-392C-4EC7-B15B-F6D5AE553473}.AppStore|iPhoneSimulator.ActiveCfg = AppStore|iPhoneSimulator
		{1371410A-392C-4EC7-B15B-F6D5AE553473}.AppStore|iPhoneSimulator.Build.0 = AppStore|iPhoneSimulator
		{1371410A-392C-4EC7-B15B-F6D5AE553473}.AppStore|Mixed Platforms.ActiveCfg = AppStore|iPhoneSimulator
		{1371410A-392C-4EC7-B15B-F6D5AE553473}.AppStore|Mixed Platforms.Build.0 = AppStore|iPhoneSimulator
		{1371410A-392C-4EC7-B15B-F6D5AE553473}.Debug|Any CPU.ActiveCfg = Debug|iPhoneSimulator
		{1371410A-392C-4EC7-B15B-F6D5AE553473}.Debug|iPhone.ActiveCfg = Debug|iPhone
		{1371410A-392C-4EC7-B15B-F6D5AE553473}.Debug|iPhone.Build.0 = Debug|iPhone
		{1371410A-392C-4EC7-B15B-F6D5AE553473}.Debug|iPhoneSimulator.ActiveCfg = Debug|iPhoneSimulator
		{1371410A-392C-4EC7-B15B-F6D5AE553473}.Debug|iPhoneSimulator.Build.0 = Debug|iPhoneSimulator
		{1371410A-392C-4EC7-B15B-F6D5AE553473}.Debug|Mixed Platforms.ActiveCfg = Debug|iPhoneSimulator
		{1371410A-392C-4EC7-B15B-F6D5AE553473}.Debug|Mixed Platforms.Build.0 = Debug|iPhoneSimulator
		{1371410A-392C-4EC7-B15B-F6D5AE553473}.Release|Any CPU.ActiveCfg = Release|iPhoneSimulator
		{1371410A-392C-4EC7-B15B-F6D5AE553473}.Release|iPhone.ActiveCfg = Release|iPhone
		{1371410A-392C-4EC7-B15B-F6D5AE553473}.Release|iPhone.Build.0 = Release|iPhone
		{1371410A-392C-4EC7-B15B-F6D5AE553473}.Release|iPhoneSimulator.ActiveCfg = Release|iPhoneSimulator
		{1371410A-392C-4EC7-B15B-F6D5AE553473}.Release|iPhoneSimulator.Build.0 = Release|iPhoneSimulator
		{1371410A-392C-4EC7-B15B-F6D5AE553473}.Release|Mixed Platforms.ActiveCfg = Release|iPhoneSimulator
		{1371410A-392C-4EC7-B15B-F6D5AE553473}.Release|Mixed Platforms.Build.0 = Release|iPhoneSimulator
		{E8BCD2BF-7544-4265-A171-CAA6FF4DE684}.Ad-Hoc|Any CPU.ActiveCfg = Release|Any CPU
		{E8BCD2BF-7544-4265-A171-CAA6FF4DE684}.Ad-Hoc|Any CPU.Build.0 = Release|Any CPU
		{E8BCD2BF-7544-4265-A171-CAA6FF4DE684}.Ad-Hoc|iPhone.ActiveCfg = Release|Any CPU
		{E8BCD2BF-7544-4265-A171-CAA6FF4DE684}.Ad-Hoc|iPhoneSimulator.ActiveCfg = Release|Any CPU
		{E8BCD2BF-7544-4265-A171-CAA6FF4DE684}.Ad-Hoc|Mixed Platforms.ActiveCfg = Release|Any CPU
		{E8BCD2BF-7544-4265-A171-CAA6FF4DE684}.Ad-Hoc|Mixed Platforms.Build.0 = Release|Any CPU
		{E8BCD2BF-7544-4265-A171-CAA6FF4DE684}.AppStore|Any CPU.ActiveCfg = Release|Any CPU
		{E8BCD2BF-7544-4265-A171-CAA6FF4DE684}.AppStore|Any CPU.Build.0 = Release|Any CPU
		{E8BCD2BF-7544-4265-A171-CAA6FF4DE684}.AppStore|iPhone.ActiveCfg = Release|Any CPU
		{E8BCD2BF-7544-4265-A171-CAA6FF4DE684}.AppStore|iPhoneSimulator.ActiveCfg = Release|Any CPU
		{E8BCD2BF-7544-4265-A171-CAA6FF4DE684}.AppStore|Mixed Platforms.ActiveCfg = Release|Any CPU
		{E8BCD2BF-7544-4265-A171-CAA6FF4DE684}.AppStore|Mixed Platforms.Build.0 = Release|Any CPU
		{E8BCD2BF-7544-4265-A171-CAA6FF4DE684}.Debug|Any CPU.ActiveCfg = Debug|Any CPU
		{E8BCD2BF-7544-4265-A171-CAA6FF4DE684}.Debug|Any CPU.Build.0 = Debug|Any CPU
		{E8BCD2BF-7544-4265-A171-CAA6FF4DE684}.Debug|iPhone.ActiveCfg = Debug|Any CPU
		{E8BCD2BF-7544-4265-A171-CAA6FF4DE684}.Debug|iPhoneSimulator.ActiveCfg = Debug|Any CPU
		{E8BCD2BF-7544-4265-A171-CAA6FF4DE684}.Debug|Mixed Platforms.ActiveCfg = Debug|Any CPU
		{E8BCD2BF-7544-4265-A171-CAA6FF4DE684}.Debug|Mixed Platforms.Build.0 = Debug|Any CPU
		{E8BCD2BF-7544-4265-A171-CAA6FF4DE684}.Release|Any CPU.ActiveCfg = Release|Any CPU
		{E8BCD2BF-7544-4265-A171-CAA6FF4DE684}.Release|Any CPU.Build.0 = Release|Any CPU
		{E8BCD2BF-7544-4265-A171-CAA6FF4DE684}.Release|iPhone.ActiveCfg = Release|Any CPU
		{E8BCD2BF-7544-4265-A171-CAA6FF4DE684}.Release|iPhoneSimulator.ActiveCfg = Release|Any CPU
		{E8BCD2BF-7544-4265-A171-CAA6FF4DE684}.Release|Mixed Platforms.ActiveCfg = Release|Any CPU
		{E8BCD2BF-7544-4265-A171-CAA6FF4DE684}.Release|Mixed Platforms.Build.0 = Release|Any CPU
	EndGlobalSection
	GlobalSection(SolutionProperties) = preSolution
		HideSolutionNode = FALSE
	EndGlobalSection
EndGlobal
